{
  "version": 4,
  "terraform_version": "1.3.7",
  "serial": 72,
  "lineage": "02a371d6-522d-3b7d-1ad7-01cefc4798bb",
  "outputs": {
    "instance-ip": {
      "value": {
        "ami": "ami-00874d747dde814fa",
        "arn": "arn:aws:ec2:us-east-1:952503814078:instance/i-0caaa737e07d3fbd5",
        "associate_public_ip_address": false,
        "availability_zone": "us-east-1b",
        "capacity_reservation_specification": [
          {
            "capacity_reservation_preference": "open",
            "capacity_reservation_target": []
          }
        ],
        "cpu_core_count": 1,
        "cpu_threads_per_core": 1,
        "credit_specification": [
          {
            "cpu_credits": "standard"
          }
        ],
        "disable_api_stop": false,
        "disable_api_termination": false,
        "ebs_block_device": [],
        "ebs_optimized": false,
        "enclave_options": [
          {
            "enabled": false
          }
        ],
        "ephemeral_block_device": [],
        "get_password_data": false,
        "hibernation": false,
        "host_id": "",
        "host_resource_group_arn": null,
        "iam_instance_profile": "",
        "id": "i-0caaa737e07d3fbd5",
        "instance_initiated_shutdown_behavior": "stop",
        "instance_state": "running",
        "instance_type": "t2.micro",
        "ipv6_address_count": 0,
        "ipv6_addresses": [],
        "key_name": "",
        "launch_template": [],
        "maintenance_options": [
          {
            "auto_recovery": "default"
          }
        ],
        "metadata_options": [
          {
            "http_endpoint": "enabled",
            "http_put_response_hop_limit": 1,
            "http_tokens": "optional",
            "instance_metadata_tags": "disabled"
          }
        ],
        "monitoring": false,
        "network_interface": [],
        "outpost_arn": "",
        "password_data": "",
        "placement_group": "",
        "placement_partition_number": 0,
        "primary_network_interface_id": "eni-04d91397e657d4a9a",
        "private_dns": "ip-10-0-1-148.ec2.internal",
        "private_dns_name_options": [
          {
            "enable_resource_name_dns_a_record": false,
            "enable_resource_name_dns_aaaa_record": false,
            "hostname_type": "ip-name"
          }
        ],
        "private_ip": "10.0.1.148",
        "public_dns": "",
        "public_ip": "",
        "root_block_device": [
          {
            "delete_on_termination": true,
            "device_name": "/dev/sda1",
            "encrypted": false,
            "iops": 100,
            "kms_key_id": "",
            "tags": {},
            "throughput": 0,
            "volume_id": "vol-052766a9133c2b5d5",
            "volume_size": 8,
            "volume_type": "gp2"
          }
        ],
        "secondary_private_ips": [],
        "security_groups": [],
        "source_dest_check": true,
        "subnet_id": "subnet-076fa6112f6e52509",
        "tags": {
          "Name": "priv-EC2-2"
        },
        "tags_all": {
          "Name": "priv-EC2-2"
        },
        "tenancy": "default",
        "timeouts": null,
        "user_data": "c24c404881c8756f278bad9724a0eb60f59f01f9",
        "user_data_base64": null,
        "user_data_replace_on_change": false,
        "volume_tags": null,
        "vpc_security_group_ids": [
          "sg-08f7e96a0fda1a0ef"
        ]
      },
      "type": [
        "object",
        {
          "ami": "string",
          "arn": "string",
          "associate_public_ip_address": "bool",
          "availability_zone": "string",
          "capacity_reservation_specification": [
            "list",
            [
              "object",
              {
                "capacity_reservation_preference": "string",
                "capacity_reservation_target": [
                  "list",
                  [
                    "object",
                    {
                      "capacity_reservation_id": "string",
                      "capacity_reservation_resource_group_arn": "string"
                    }
                  ]
                ]
              }
            ]
          ],
          "cpu_core_count": "number",
          "cpu_threads_per_core": "number",
          "credit_specification": [
            "list",
            [
              "object",
              {
                "cpu_credits": "string"
              }
            ]
          ],
          "disable_api_stop": "bool",
          "disable_api_termination": "bool",
          "ebs_block_device": [
            "set",
            [
              "object",
              {
                "delete_on_termination": "bool",
                "device_name": "string",
                "encrypted": "bool",
                "iops": "number",
                "kms_key_id": "string",
                "snapshot_id": "string",
                "tags": [
                  "map",
                  "string"
                ],
                "throughput": "number",
                "volume_id": "string",
                "volume_size": "number",
                "volume_type": "string"
              }
            ]
          ],
          "ebs_optimized": "bool",
          "enclave_options": [
            "list",
            [
              "object",
              {
                "enabled": "bool"
              }
            ]
          ],
          "ephemeral_block_device": [
            "set",
            [
              "object",
              {
                "device_name": "string",
                "no_device": "bool",
                "virtual_name": "string"
              }
            ]
          ],
          "get_password_data": "bool",
          "hibernation": "bool",
          "host_id": "string",
          "host_resource_group_arn": "string",
          "iam_instance_profile": "string",
          "id": "string",
          "instance_initiated_shutdown_behavior": "string",
          "instance_state": "string",
          "instance_type": "string",
          "ipv6_address_count": "number",
          "ipv6_addresses": [
            "list",
            "string"
          ],
          "key_name": "string",
          "launch_template": [
            "list",
            [
              "object",
              {
                "id": "string",
                "name": "string",
                "version": "string"
              }
            ]
          ],
          "maintenance_options": [
            "list",
            [
              "object",
              {
                "auto_recovery": "string"
              }
            ]
          ],
          "metadata_options": [
            "list",
            [
              "object",
              {
                "http_endpoint": "string",
                "http_put_response_hop_limit": "number",
                "http_tokens": "string",
                "instance_metadata_tags": "string"
              }
            ]
          ],
          "monitoring": "bool",
          "network_interface": [
            "set",
            [
              "object",
              {
                "delete_on_termination": "bool",
                "device_index": "number",
                "network_card_index": "number",
                "network_interface_id": "string"
              }
            ]
          ],
          "outpost_arn": "string",
          "password_data": "string",
          "placement_group": "string",
          "placement_partition_number": "number",
          "primary_network_interface_id": "string",
          "private_dns": "string",
          "private_dns_name_options": [
            "list",
            [
              "object",
              {
                "enable_resource_name_dns_a_record": "bool",
                "enable_resource_name_dns_aaaa_record": "bool",
                "hostname_type": "string"
              }
            ]
          ],
          "private_ip": "string",
          "public_dns": "string",
          "public_ip": "string",
          "root_block_device": [
            "list",
            [
              "object",
              {
                "delete_on_termination": "bool",
                "device_name": "string",
                "encrypted": "bool",
                "iops": "number",
                "kms_key_id": "string",
                "tags": [
                  "map",
                  "string"
                ],
                "throughput": "number",
                "volume_id": "string",
                "volume_size": "number",
                "volume_type": "string"
              }
            ]
          ],
          "secondary_private_ips": [
            "set",
            "string"
          ],
          "security_groups": [
            "set",
            "string"
          ],
          "source_dest_check": "bool",
          "subnet_id": "string",
          "tags": [
            "map",
            "string"
          ],
          "tags_all": [
            "map",
            "string"
          ],
          "tenancy": "string",
          "timeouts": [
            "object",
            {
              "create": "string",
              "delete": "string",
              "update": "string"
            }
          ],
          "user_data": "string",
          "user_data_base64": "string",
          "user_data_replace_on_change": "bool",
          "volume_tags": [
            "map",
            "string"
          ],
          "vpc_security_group_ids": [
            "set",
            "string"
          ]
        }
      ]
    }
  },
  "resources": [
    {
      "mode": "managed",
      "type": "aws_eip",
      "name": "eip1",
      "provider": "provider[\"registry.terraform.io/hashicorp/aws\"]",
      "instances": [
        {
          "schema_version": 0,
          "attributes": {
            "address": null,
            "allocation_id": "eipalloc-03d477a0af1dfcca7",
            "associate_with_private_ip": null,
            "association_id": "",
            "carrier_ip": "",
            "customer_owned_ip": "",
            "customer_owned_ipv4_pool": "",
            "domain": "vpc",
            "id": "eipalloc-03d477a0af1dfcca7",
            "instance": "",
            "network_border_group": "us-east-1",
            "network_interface": "",
            "private_dns": null,
            "private_ip": "",
            "public_dns": "ec2-34-206-103-76.compute-1.amazonaws.com",
            "public_ip": "34.206.103.76",
            "public_ipv4_pool": "amazon",
            "tags": {
              "Name": "el-ip-1"
            },
            "tags_all": {
              "Name": "el-ip-1"
            },
            "timeouts": null,
            "vpc": true
          },
          "sensitive_attributes": [],
          "private": "eyJlMmJmYjczMC1lY2FhLTExZTYtOGY4OC0zNDM2M2JjN2M0YzAiOnsiZGVsZXRlIjoxODAwMDAwMDAwMDAsInJlYWQiOjkwMDAwMDAwMDAwMCwidXBkYXRlIjozMDAwMDAwMDAwMDB9fQ=="
        }
      ]
    },
    {
      "mode": "managed",
      "type": "aws_instance",
      "name": "priv-instance",
      "provider": "provider[\"registry.terraform.io/hashicorp/aws\"]",
      "instances": [
        {
          "schema_version": 1,
          "attributes": {
            "ami": "ami-00874d747dde814fa",
            "arn": "arn:aws:ec2:us-east-1:952503814078:instance/i-0caaa737e07d3fbd5",
            "associate_public_ip_address": false,
            "availability_zone": "us-east-1b",
            "capacity_reservation_specification": [
              {
                "capacity_reservation_preference": "open",
                "capacity_reservation_target": []
              }
            ],
            "cpu_core_count": 1,
            "cpu_threads_per_core": 1,
            "credit_specification": [
              {
                "cpu_credits": "standard"
              }
            ],
            "disable_api_stop": false,
            "disable_api_termination": false,
            "ebs_block_device": [],
            "ebs_optimized": false,
            "enclave_options": [
              {
                "enabled": false
              }
            ],
            "ephemeral_block_device": [],
            "get_password_data": false,
            "hibernation": false,
            "host_id": "",
            "host_resource_group_arn": null,
            "iam_instance_profile": "",
            "id": "i-0caaa737e07d3fbd5",
            "instance_initiated_shutdown_behavior": "stop",
            "instance_state": "running",
            "instance_type": "t2.micro",
            "ipv6_address_count": 0,
            "ipv6_addresses": [],
            "key_name": "",
            "launch_template": [],
            "maintenance_options": [
              {
                "auto_recovery": "default"
              }
            ],
            "metadata_options": [
              {
                "http_endpoint": "enabled",
                "http_put_response_hop_limit": 1,
                "http_tokens": "optional",
                "instance_metadata_tags": "disabled"
              }
            ],
            "monitoring": false,
            "network_interface": [],
            "outpost_arn": "",
            "password_data": "",
            "placement_group": "",
            "placement_partition_number": 0,
            "primary_network_interface_id": "eni-04d91397e657d4a9a",
            "private_dns": "ip-10-0-1-148.ec2.internal",
            "private_dns_name_options": [
              {
                "enable_resource_name_dns_a_record": false,
                "enable_resource_name_dns_aaaa_record": false,
                "hostname_type": "ip-name"
              }
            ],
            "private_ip": "10.0.1.148",
            "public_dns": "",
            "public_ip": "",
            "root_block_device": [
              {
                "delete_on_termination": true,
                "device_name": "/dev/sda1",
                "encrypted": false,
                "iops": 100,
                "kms_key_id": "",
                "tags": {},
                "throughput": 0,
                "volume_id": "vol-052766a9133c2b5d5",
                "volume_size": 8,
                "volume_type": "gp2"
              }
            ],
            "secondary_private_ips": [],
            "security_groups": [],
            "source_dest_check": true,
            "subnet_id": "subnet-076fa6112f6e52509",
            "tags": {
              "Name": "priv-EC2-2"
            },
            "tags_all": {
              "Name": "priv-EC2-2"
            },
            "tenancy": "default",
            "timeouts": null,
            "user_data": "c24c404881c8756f278bad9724a0eb60f59f01f9",
            "user_data_base64": null,
            "user_data_replace_on_change": false,
            "volume_tags": null,
            "vpc_security_group_ids": [
              "sg-08f7e96a0fda1a0ef"
            ]
          },
          "sensitive_attributes": [],
          "private": "eyJlMmJmYjczMC1lY2FhLTExZTYtOGY4OC0zNDM2M2JjN2M0YzAiOnsiY3JlYXRlIjo2MDAwMDAwMDAwMDAsImRlbGV0ZSI6MTIwMDAwMDAwMDAwMCwidXBkYXRlIjo2MDAwMDAwMDAwMDB9LCJzY2hlbWFfdmVyc2lvbiI6IjEifQ==",
          "dependencies": [
            "aws_security_group.sg1",
            "aws_subnet.sub",
            "aws_vpc.vpc1"
          ]
        }
      ]
    },
    {
      "mode": "managed",
      "type": "aws_instance",
      "name": "pub-instance",
      "provider": "provider[\"registry.terraform.io/hashicorp/aws\"]",
      "instances": [
        {
          "schema_version": 1,
          "attributes": {
            "ami": "ami-00874d747dde814fa",
            "arn": "arn:aws:ec2:us-east-1:952503814078:instance/i-0dd2843f7d1f1df7d",
            "associate_public_ip_address": true,
            "availability_zone": "us-east-1b",
            "capacity_reservation_specification": [
              {
                "capacity_reservation_preference": "open",
                "capacity_reservation_target": []
              }
            ],
            "cpu_core_count": 1,
            "cpu_threads_per_core": 1,
            "credit_specification": [
              {
                "cpu_credits": "standard"
              }
            ],
            "disable_api_stop": false,
            "disable_api_termination": false,
            "ebs_block_device": [],
            "ebs_optimized": false,
            "enclave_options": [
              {
                "enabled": false
              }
            ],
            "ephemeral_block_device": [],
            "get_password_data": false,
            "hibernation": false,
            "host_id": "",
            "host_resource_group_arn": null,
            "iam_instance_profile": "",
            "id": "i-0dd2843f7d1f1df7d",
            "instance_initiated_shutdown_behavior": "stop",
            "instance_state": "running",
            "instance_type": "t2.micro",
            "ipv6_address_count": 0,
            "ipv6_addresses": [],
            "key_name": "",
            "launch_template": [],
            "maintenance_options": [
              {
                "auto_recovery": "default"
              }
            ],
            "metadata_options": [
              {
                "http_endpoint": "enabled",
                "http_put_response_hop_limit": 1,
                "http_tokens": "optional",
                "instance_metadata_tags": "disabled"
              }
            ],
            "monitoring": false,
            "network_interface": [],
            "outpost_arn": "",
            "password_data": "",
            "placement_group": "",
            "placement_partition_number": 0,
            "primary_network_interface_id": "eni-09d2e3658b8b69584",
            "private_dns": "ip-10-0-0-228.ec2.internal",
            "private_dns_name_options": [
              {
                "enable_resource_name_dns_a_record": false,
                "enable_resource_name_dns_aaaa_record": false,
                "hostname_type": "ip-name"
              }
            ],
            "private_ip": "10.0.0.228",
            "public_dns": "",
            "public_ip": "34.201.217.156",
            "root_block_device": [
              {
                "delete_on_termination": true,
                "device_name": "/dev/sda1",
                "encrypted": false,
                "iops": 100,
                "kms_key_id": "",
                "tags": {},
                "throughput": 0,
                "volume_id": "vol-08ec367bd4a1b1bca",
                "volume_size": 8,
                "volume_type": "gp2"
              }
            ],
            "secondary_private_ips": [],
            "security_groups": [],
            "source_dest_check": true,
            "subnet_id": "subnet-011ef45c345d87fc4",
            "tags": {
              "Name": "pub-EC2-1"
            },
            "tags_all": {
              "Name": "pub-EC2-1"
            },
            "tenancy": "default",
            "timeouts": null,
            "user_data": "c24c404881c8756f278bad9724a0eb60f59f01f9",
            "user_data_base64": null,
            "user_data_replace_on_change": false,
            "volume_tags": null,
            "vpc_security_group_ids": [
              "sg-08f7e96a0fda1a0ef"
            ]
          },
          "sensitive_attributes": [],
          "private": "eyJlMmJmYjczMC1lY2FhLTExZTYtOGY4OC0zNDM2M2JjN2M0YzAiOnsiY3JlYXRlIjo2MDAwMDAwMDAwMDAsImRlbGV0ZSI6MTIwMDAwMDAwMDAwMCwidXBkYXRlIjo2MDAwMDAwMDAwMDB9LCJzY2hlbWFfdmVyc2lvbiI6IjEifQ==",
          "dependencies": [
            "aws_security_group.sg1",
            "aws_subnet.sub",
            "aws_vpc.vpc1"
          ]
        }
      ]
    },
    {
      "mode": "managed",
      "type": "aws_internet_gateway",
      "name": "igw1",
      "provider": "provider[\"registry.terraform.io/hashicorp/aws\"]",
      "instances": [
        {
          "schema_version": 0,
          "attributes": {
            "arn": "arn:aws:ec2:us-east-1:952503814078:internet-gateway/igw-0589166beb1b429e8",
            "id": "igw-0589166beb1b429e8",
            "owner_id": "952503814078",
            "tags": {
              "Name": "igw-main"
            },
            "tags_all": {
              "Name": "igw-main"
            },
            "timeouts": null,
            "vpc_id": "vpc-05f025db51572ec56"
          },
          "sensitive_attributes": [],
          "private": "eyJlMmJmYjczMC1lY2FhLTExZTYtOGY4OC0zNDM2M2JjN2M0YzAiOnsiY3JlYXRlIjoxMjAwMDAwMDAwMDAwLCJkZWxldGUiOjEyMDAwMDAwMDAwMDAsInVwZGF0ZSI6MTIwMDAwMDAwMDAwMH19",
          "dependencies": [
            "aws_vpc.vpc1"
          ]
        }
      ]
    },
    {
      "mode": "managed",
      "type": "aws_nat_gateway",
      "name": "nat1",
      "provider": "provider[\"registry.terraform.io/hashicorp/aws\"]",
      "instances": [
        {
          "schema_version": 0,
          "attributes": {
            "allocation_id": "eipalloc-03d477a0af1dfcca7",
            "connectivity_type": "public",
            "id": "nat-00df820a1fae2b07c",
            "network_interface_id": "eni-09e2a1fbb3c4faf09",
            "private_ip": "10.0.0.26",
            "public_ip": "34.206.103.76",
            "subnet_id": "subnet-011ef45c345d87fc4",
            "tags": {
              "Name": "nat-gw-1"
            },
            "tags_all": {
              "Name": "nat-gw-1"
            }
          },
          "sensitive_attributes": [],
          "private": "bnVsbA==",
          "dependencies": [
            "aws_eip.eip1",
            "aws_subnet.sub",
            "aws_vpc.vpc1"
          ]
        }
      ]
    },
    {
      "mode": "managed",
      "type": "aws_route_table",
      "name": "priv-RT1",
      "provider": "provider[\"registry.terraform.io/hashicorp/aws\"]",
      "instances": [
        {
          "schema_version": 0,
          "attributes": {
            "arn": "arn:aws:ec2:us-east-1:952503814078:route-table/rtb-01fea25aa42462e1f",
            "id": "rtb-01fea25aa42462e1f",
            "owner_id": "952503814078",
            "propagating_vgws": [],
            "route": [
              {
                "carrier_gateway_id": "",
                "cidr_block": "0.0.0.0/0",
                "core_network_arn": "",
                "destination_prefix_list_id": "",
                "egress_only_gateway_id": "",
                "gateway_id": "nat-00df820a1fae2b07c",
                "instance_id": "",
                "ipv6_cidr_block": "",
                "local_gateway_id": "",
                "nat_gateway_id": "",
                "network_interface_id": "",
                "transit_gateway_id": "",
                "vpc_endpoint_id": "",
                "vpc_peering_connection_id": ""
              }
            ],
            "tags": {
              "Name": "priv-RT1"
            },
            "tags_all": {
              "Name": "priv-RT1"
            },
            "timeouts": null,
            "vpc_id": "vpc-05f025db51572ec56"
          },
          "sensitive_attributes": [],
          "private": "eyJlMmJmYjczMC1lY2FhLTExZTYtOGY4OC0zNDM2M2JjN2M0YzAiOnsiY3JlYXRlIjozMDAwMDAwMDAwMDAsImRlbGV0ZSI6MzAwMDAwMDAwMDAwLCJ1cGRhdGUiOjEyMDAwMDAwMDAwMH19",
          "dependencies": [
            "aws_eip.eip1",
            "aws_nat_gateway.nat1",
            "aws_subnet.sub",
            "aws_vpc.vpc1"
          ]
        }
      ]
    },
    {
      "mode": "managed",
      "type": "aws_route_table",
      "name": "pub-RT1",
      "provider": "provider[\"registry.terraform.io/hashicorp/aws\"]",
      "instances": [
        {
          "schema_version": 0,
          "attributes": {
            "arn": "arn:aws:ec2:us-east-1:952503814078:route-table/rtb-03970bb66ec627a28",
            "id": "rtb-03970bb66ec627a28",
            "owner_id": "952503814078",
            "propagating_vgws": [],
            "route": [
              {
                "carrier_gateway_id": "",
                "cidr_block": "0.0.0.0/0",
                "core_network_arn": "",
                "destination_prefix_list_id": "",
                "egress_only_gateway_id": "",
                "gateway_id": "igw-0589166beb1b429e8",
                "instance_id": "",
                "ipv6_cidr_block": "",
                "local_gateway_id": "",
                "nat_gateway_id": "",
                "network_interface_id": "",
                "transit_gateway_id": "",
                "vpc_endpoint_id": "",
                "vpc_peering_connection_id": ""
              }
            ],
            "tags": {
              "Name": "RT1"
            },
            "tags_all": {
              "Name": "RT1"
            },
            "timeouts": null,
            "vpc_id": "vpc-05f025db51572ec56"
          },
          "sensitive_attributes": [],
          "private": "eyJlMmJmYjczMC1lY2FhLTExZTYtOGY4OC0zNDM2M2JjN2M0YzAiOnsiY3JlYXRlIjozMDAwMDAwMDAwMDAsImRlbGV0ZSI6MzAwMDAwMDAwMDAwLCJ1cGRhdGUiOjEyMDAwMDAwMDAwMH19",
          "dependencies": [
            "aws_internet_gateway.igw1",
            "aws_vpc.vpc1"
          ]
        }
      ]
    },
    {
      "mode": "managed",
      "type": "aws_route_table_association",
      "name": "privsub-association",
      "provider": "provider[\"registry.terraform.io/hashicorp/aws\"]",
      "instances": [
        {
          "schema_version": 0,
          "attributes": {
            "gateway_id": "",
            "id": "rtbassoc-0d12bdbc7ae63e117",
            "route_table_id": "rtb-01fea25aa42462e1f",
            "subnet_id": "subnet-076fa6112f6e52509"
          },
          "sensitive_attributes": [],
          "private": "bnVsbA==",
          "dependencies": [
            "aws_eip.eip1",
            "aws_nat_gateway.nat1",
            "aws_route_table.priv-RT1",
            "aws_subnet.sub",
            "aws_vpc.vpc1"
          ]
        }
      ]
    },
    {
      "mode": "managed",
      "type": "aws_route_table_association",
      "name": "pubsub-association",
      "provider": "provider[\"registry.terraform.io/hashicorp/aws\"]",
      "instances": [
        {
          "schema_version": 0,
          "attributes": {
            "gateway_id": "",
            "id": "rtbassoc-03dd6e36dcb103d29",
            "route_table_id": "rtb-03970bb66ec627a28",
            "subnet_id": "subnet-011ef45c345d87fc4"
          },
          "sensitive_attributes": [],
          "private": "bnVsbA==",
          "dependencies": [
            "aws_internet_gateway.igw1",
            "aws_route_table.pub-RT1",
            "aws_subnet.sub",
            "aws_vpc.vpc1"
          ]
        }
      ]
    },
    {
      "mode": "managed",
      "type": "aws_security_group",
      "name": "sg1",
      "provider": "provider[\"registry.terraform.io/hashicorp/aws\"]",
      "instances": [
        {
          "schema_version": 1,
          "attributes": {
            "arn": "arn:aws:ec2:us-east-1:952503814078:security-group/sg-08f7e96a0fda1a0ef",
            "description": "Allow http,ssh",
            "egress": [
              {
                "cidr_blocks": [
                  "0.0.0.0/0"
                ],
                "description": "",
                "from_port": 0,
                "ipv6_cidr_blocks": [
                  "::/0"
                ],
                "prefix_list_ids": [],
                "protocol": "-1",
                "security_groups": [],
                "self": false,
                "to_port": 0
              }
            ],
            "id": "sg-08f7e96a0fda1a0ef",
            "ingress": [
              {
                "cidr_blocks": [
                  "0.0.0.0/0"
                ],
                "description": "http from VPC",
                "from_port": 80,
                "ipv6_cidr_blocks": [],
                "prefix_list_ids": [],
                "protocol": "tcp",
                "security_groups": [],
                "self": false,
                "to_port": 80
              },
              {
                "cidr_blocks": [
                  "0.0.0.0/0"
                ],
                "description": "ssh from VPC",
                "from_port": 22,
                "ipv6_cidr_blocks": [],
                "prefix_list_ids": [],
                "protocol": "tcp",
                "security_groups": [],
                "self": false,
                "to_port": 22
              }
            ],
            "name": "SG1",
            "name_prefix": "",
            "owner_id": "952503814078",
            "revoke_rules_on_delete": false,
            "tags": {
              "Name": "allow_http"
            },
            "tags_all": {
              "Name": "allow_http"
            },
            "timeouts": null,
            "vpc_id": "vpc-05f025db51572ec56"
          },
          "sensitive_attributes": [],
          "private": "eyJlMmJmYjczMC1lY2FhLTExZTYtOGY4OC0zNDM2M2JjN2M0YzAiOnsiY3JlYXRlIjo2MDAwMDAwMDAwMDAsImRlbGV0ZSI6OTAwMDAwMDAwMDAwfSwic2NoZW1hX3ZlcnNpb24iOiIxIn0=",
          "dependencies": [
            "aws_vpc.vpc1"
          ]
        }
      ]
    },
    {
      "mode": "managed",
      "type": "aws_subnet",
      "name": "sub",
      "provider": "provider[\"registry.terraform.io/hashicorp/aws\"]",
      "instances": [
        {
          "index_key": 0,
          "schema_version": 1,
          "attributes": {
            "arn": "arn:aws:ec2:us-east-1:952503814078:subnet/subnet-011ef45c345d87fc4",
            "assign_ipv6_address_on_creation": false,
            "availability_zone": "us-east-1b",
            "availability_zone_id": "use1-az6",
            "cidr_block": "10.0.0.0/24",
            "customer_owned_ipv4_pool": "",
            "enable_dns64": false,
            "enable_resource_name_dns_a_record_on_launch": false,
            "enable_resource_name_dns_aaaa_record_on_launch": false,
            "id": "subnet-011ef45c345d87fc4",
            "ipv6_cidr_block": "",
            "ipv6_cidr_block_association_id": "",
            "ipv6_native": false,
            "map_customer_owned_ip_on_launch": false,
            "map_public_ip_on_launch": true,
            "outpost_arn": "",
            "owner_id": "952503814078",
            "private_dns_hostname_type_on_launch": "ip-name",
            "tags": {
              "Name": "public-sub"
            },
            "tags_all": {
              "Name": "public-sub"
            },
            "timeouts": null,
            "vpc_id": "vpc-05f025db51572ec56"
          },
          "sensitive_attributes": [],
          "private": "eyJlMmJmYjczMC1lY2FhLTExZTYtOGY4OC0zNDM2M2JjN2M0YzAiOnsiY3JlYXRlIjo2MDAwMDAwMDAwMDAsImRlbGV0ZSI6MTIwMDAwMDAwMDAwMH0sInNjaGVtYV92ZXJzaW9uIjoiMSJ9",
          "dependencies": [
            "aws_vpc.vpc1"
          ]
        },
        {
          "index_key": 1,
          "schema_version": 1,
          "attributes": {
            "arn": "arn:aws:ec2:us-east-1:952503814078:subnet/subnet-076fa6112f6e52509",
            "assign_ipv6_address_on_creation": false,
            "availability_zone": "us-east-1b",
            "availability_zone_id": "use1-az6",
            "cidr_block": "10.0.1.0/24",
            "customer_owned_ipv4_pool": "",
            "enable_dns64": false,
            "enable_resource_name_dns_a_record_on_launch": false,
            "enable_resource_name_dns_aaaa_record_on_launch": false,
            "id": "subnet-076fa6112f6e52509",
            "ipv6_cidr_block": "",
            "ipv6_cidr_block_association_id": "",
            "ipv6_native": false,
            "map_customer_owned_ip_on_launch": false,
            "map_public_ip_on_launch": false,
            "outpost_arn": "",
            "owner_id": "952503814078",
            "private_dns_hostname_type_on_launch": "ip-name",
            "tags": {
              "Name": "priv-sub"
            },
            "tags_all": {
              "Name": "priv-sub"
            },
            "timeouts": null,
            "vpc_id": "vpc-05f025db51572ec56"
          },
          "sensitive_attributes": [],
          "private": "eyJlMmJmYjczMC1lY2FhLTExZTYtOGY4OC0zNDM2M2JjN2M0YzAiOnsiY3JlYXRlIjo2MDAwMDAwMDAwMDAsImRlbGV0ZSI6MTIwMDAwMDAwMDAwMH0sInNjaGVtYV92ZXJzaW9uIjoiMSJ9",
          "dependencies": [
            "aws_vpc.vpc1"
          ]
        }
      ]
    },
    {
      "mode": "managed",
      "type": "aws_vpc",
      "name": "vpc1",
      "provider": "provider[\"registry.terraform.io/hashicorp/aws\"]",
      "instances": [
        {
          "schema_version": 1,
          "attributes": {
            "arn": "arn:aws:ec2:us-east-1:952503814078:vpc/vpc-05f025db51572ec56",
            "assign_generated_ipv6_cidr_block": false,
            "cidr_block": "10.0.0.0/16",
            "default_network_acl_id": "acl-03f94d4cae74cb3fd",
            "default_route_table_id": "rtb-0d73d578298445653",
            "default_security_group_id": "sg-08c0057df4f40fc40",
            "dhcp_options_id": "dopt-06326abe05dfd8ac4",
            "enable_classiclink": false,
            "enable_classiclink_dns_support": false,
            "enable_dns_hostnames": false,
            "enable_dns_support": true,
            "enable_network_address_usage_metrics": false,
            "id": "vpc-05f025db51572ec56",
            "instance_tenancy": "default",
            "ipv4_ipam_pool_id": null,
            "ipv4_netmask_length": null,
            "ipv6_association_id": "",
            "ipv6_cidr_block": "",
            "ipv6_cidr_block_network_border_group": "",
            "ipv6_ipam_pool_id": "",
            "ipv6_netmask_length": 0,
            "main_route_table_id": "rtb-0d73d578298445653",
            "owner_id": "952503814078",
            "tags": {
              "Name": "main"
            },
            "tags_all": {
              "Name": "main"
            }
          },
          "sensitive_attributes": [],
          "private": "eyJzY2hlbWFfdmVyc2lvbiI6IjEifQ=="
        }
      ]
    }
  ],
  "check_results": null
}
